
Microsoft Visual Studio Solution File, Format Version 12.00
# Visual Studio Version 17
VisualStudioVersion = 17.5.33627.172
MinimumVisualStudioVersion = 10.0.40219.1
Project("{FAE04EC0-301F-11D3-BF4B-00C04F79EFBC}") = "LeetCodeProblems", "LeetCodeProblems.csproj", "{E6FA7D95-AA6F-406E-B71E-121E5A3BD2A1}"
EndProject
Global
	GlobalSection(SolutionConfigurationPlatforms) = preSolution
		Debug|Any CPU = Debug|Any CPU
		Release|Any CPU = Release|Any CPU
	EndGlobalSection
	GlobalSection(ProjectConfigurationPlatforms) = postSolution
		{E6FA7D95-AA6F-406E-B71E-121E5A3BD2A1}.Debug|Any CPU.ActiveCfg = Debug|Any CPU
		{E6FA7D95-AA6F-406E-B71E-121E5A3BD2A1}.Debug|Any CPU.Build.0 = Debug|Any CPU
		{E6FA7D95-AA6F-406E-B71E-121E5A3BD2A1}.Release|Any CPU.ActiveCfg = Release|Any CPU
		{E6FA7D95-AA6F-406E-B71E-121E5A3BD2A1}.Release|Any CPU.Build.0 = Release|Any CPU
	EndGlobalSection
	GlobalSection(SolutionProperties) = preSolution
		HideSolutionNode = FALSE
	EndGlobalSection
	GlobalSection(ExtensibilityGlobals) = postSolution
		SolutionGuid = {9D896015-2882-44F6-961A-02A931BDC585}
	EndGlobalSection
EndGlobal
